lockfileVersion: '9.0'

settings:
  autoInstallPeers: true
  excludeLinksFromLockfile: false

importers:

  .:
    dependencies:
      '@supabase/supabase-js':
        specifier: ^2.39.8
        version: 2.45.1
      hono:
        specifier: ^4.8.9
        version: 4.8.9
    devDependencies:
      '@types/node':
        specifier: ^20.11.17
        version: 20.11.17
      typescript:
        specifier: ^5.8.3
        version: 5.8.3

packages:

  '@supabase/functions-js@2.5.0':
    resolution: {integrity: sha512-CunQyL45E4nZbBMyG3XGxyakBGTpXnQALM724yLDEbTxXXm0w3wg45q33gxt5Lh6mnptbITsPyvG25fFjwQpSA==}
    peerDependencies:
      '@supabase/supabase-js': '*'
    peerDependenciesMeta:
      '@supabase/supabase-js':
        optional: true

  '@supabase/gotrue-js@2.7.0':
    resolution: {integrity: sha512-s/a6iK2vt19F3m1Z7K8Wcr6kBLoChj2G111qk0wc52sWJcSy0RjYk42BDxM0cZ/d1SsoStYh63o3VnF8C8A/XQ==}

  '@supabase/postgrest-js@1.16.2':
    resolution: {integrity: sha512-l9t/cK5hXgYgYJbYvLz/K3T2M3iYCL2bLqv1Y2+M1oA8PYC0oPItkSYsKqg69GzFq2K0g8A0a0YwQp0gSg+hAg==}
    dependencies:
      '@supabase/storage-js': 2.6.0

  '@supabase/realtime-js@2.10.0':
    resolution: {integrity: sha512-fTpH25zXfM7oX6nSgPImY4p9tMlpWj6QGf3+3eOdsA8PGiV/jO52a65x3SNHV29Ea6Kq+23zT5tM1+Z9z8k+Bg==}

  '@supabase/storage-js@2.6.0':
    resolution: {integrity: sha512-REAxr7myf+3utMkI2oOmZ6sdplMZZ71/2NEIEMBZHL9Fkmm3/JnaOZVSRqvG4LStYj2v5WhCruCzuMn6oD/Drw==}

  '@supabase/supabase-js@2.45.1':
    resolution: {integrity: sha512-YcHi9CjY/M1dBiAYd8uv4oRrB1I4Lq52z4Kx7s221f7ztb6LZGpvSg2eWaE5Rh1PvxrGQL+DT9j2/9k7F/11dA==}
    dependencies:
      '@supabase/functions-js': 2.5.0
      '@supabase/gotrue-js': 2.7.0
      '@supabase/postgrest-js': 1.16.2
      '@supabase/realtime-js': 2.10.0
      '@supabase/storage-js': 2.6.0

  '@types/node@20.11.17':
    resolution: {integrity: sha512-QmgQZGWu1Yw9TDyAP9ZzpFJKynYNeOvwMJmaxABfieQoVoiVOS6MN1WSpqpRcbeA5+RW82kraAVxCCJg+780Qw==}

  hono@4.8.9:
    resolution: {integrity: sha512-ERIxkXMRhUxGV7nS/Af52+j2KL60B1eg+k6cPtgzrGughS+espS9KQ7QO0SMnevtmRlBfAcN0mf1jKtO6j/doA==}
    engines: {node: '>=16.9.0'}

  typescript@5.8.3:
    resolution: {integrity: sha512-p1diW6TqL9L07nNxvRMM7hMMw4c5XOo/ibL4aAIGmSAt9slTE1Xgw5KWuof2uTOvCg9BY7ZRi+GaF+7sfgPeQ==}
    engines: {node: '>=14.17'}
    hasBin: true

  undici-types@5.26.5:
    resolution: {integrity: sha512-JlCMO+ehdEIKqlFxk6IfVoAUVmgz7cU7zD/h9XZ0qzeosSHmUJVOzSQvvYSYWXkFXC+IfLKSIffhv0sVZup6pA==}

snapshots:

  '@supabase/functions-js@2.5.0':
    dependencies:
      '@supabase/supabase-js': 2.45.1

  '@supabase/gotrue-js@2.7.0': {}

  '@supabase/postgrest-js@1.16.2':
    dependencies:
      '@supabase/storage-js': 2.6.0

  '@supabase/realtime-js@2.10.0': {}

  '@supabase/storage-js@2.6.0': {}

  '@supabase/supabase-js@2.45.1':
    dependencies:
      '@supabase/functions-js': 2.5.0
      '@supabase/gotrue-js': 2.7.0
      '@supabase/postgrest-js': 1.16.2
      '@supabase/realtime-js': 2.10.0
      '@supabase/storage-js': 2.6.0

  '@types/node@20.11.17':
    dependencies:
      undici-types: 5.26.5

  hono@4.8.9: {}

  typescript@5.8.3: {}

  undici-types@5.26.5: {}

